
Microsoft Visual Studio Solution File, Format Version 12.00
# Visual Studio Version 17
VisualStudioVersion = 17.2.32630.192
MinimumVisualStudioVersion = 10.0.40219.1
Project("{FAE04EC0-301F-11D3-BF4B-00C04F79EFBC}") = "SyntaxSugar", "SyntaxSugar\SyntaxSugar.csproj", "{95745E06-3C29-4138-A077-49D9309A01CD}"
EndProject
Global
	GlobalSection(SolutionConfigurationPlatforms) = preSolution
		Debug|Any CPU = Debug|Any CPU
		Release|Any CPU = Release|Any CPU
	EndGlobalSection
	GlobalSection(ProjectConfigurationPlatforms) = postSolution
		{95745E06-3C29-4138-A077-49D9309A01CD}.Debug|Any CPU.ActiveCfg = Debug|Any CPU
		{95745E06-3C29-4138-A077-49D9309A01CD}.Debug|Any CPU.Build.0 = Debug|Any CPU
		{95745E06-3C29-4138-A077-49D9309A01CD}.Release|Any CPU.ActiveCfg = Release|Any CPU
		{95745E06-3C29-4138-A077-49D9309A01CD}.Release|Any CPU.Build.0 = Release|Any CPU
	EndGlobalSection
	GlobalSection(SolutionProperties) = preSolution
		HideSolutionNode = FALSE
	EndGlobalSection
	GlobalSection(ExtensibilityGlobals) = postSolution
		SolutionGuid = {26C87362-CCCD-4848-9425-377A1E5F6601}
	EndGlobalSection
EndGlobal
